
Microsoft Visual Studio Solution File, Format Version 12.00
# Visual Studio Version 17
VisualStudioVersion = 17.0.31903.59
MinimumVisualStudioVersion = 10.0.40219.1
Project("{2150E333-8FDC-42A3-9474-1A3956D46DE8}") = "src", "src", "{C2708394-4DAF-412E-8320-1B97230AEFBE}"
EndProject
Project("{2150E333-8FDC-42A3-9474-1A3956D46DE8}") = "tests", "tests", "{37E42859-0344-45C4-82A6-2F0D3EAB407E}"
EndProject
Project("{2150E333-8FDC-42A3-9474-1A3956D46DE8}") = "Core", "Core", "{42A8C4A2-DBC6-43AC-85E7-F28D3977E4D9}"
EndProject
Project("{2150E333-8FDC-42A3-9474-1A3956D46DE8}") = "peresentation", "peresentation", "{233D631B-D5E3-4C5F-AEC8-DE137F745494}"
EndProject
Project("{2150E333-8FDC-42A3-9474-1A3956D46DE8}") = "Infrastructures", "Infrastructures", "{96E96C1F-3717-466D-B20F-CD8B3C8A83C0}"
EndProject
Project("{9A19103F-16F7-4668-BE54-9A1E7A4F7556}") = "Domain", "Domain\Domain.csproj", "{98AED96E-FED1-44B2-89FD-BA99ACED6E42}"
EndProject
Project("{9A19103F-16F7-4668-BE54-9A1E7A4F7556}") = "Application", "Application\Application.csproj", "{65D295E1-74F6-4282-825C-2C5A8898FA55}"
EndProject
Project("{9A19103F-16F7-4668-BE54-9A1E7A4F7556}") = "Persistence", "Persistence\Persistence.csproj", "{8A40B4DA-9C84-4622-8C6C-E5411C07DA37}"
EndProject
Project("{9A19103F-16F7-4668-BE54-9A1E7A4F7556}") = "Infrastructure", "Infrastructure\Infrastructure.csproj", "{A033AB0D-CA73-4C63-864E-9DB7C48DC040}"
EndProject
Project("{9A19103F-16F7-4668-BE54-9A1E7A4F7556}") = "WebSite.EndPoint", "WebSite.EndPoint\WebSite.EndPoint.csproj", "{01F8C973-853A-4488-888D-F51B3A044FFE}"
EndProject
Project("{9A19103F-16F7-4668-BE54-9A1E7A4F7556}") = "Admin.EndPoint", "Admin.EndPoint\Admin.EndPoint.csproj", "{441BA54B-3D03-406F-842A-D563909E38FB}"
EndProject
Project("{2150E333-8FDC-42A3-9474-1A3956D46DE8}") = "Documment", "Documment", "{CCC9DF0F-DF06-4305-B74E-E6D1DE1D0CB0}"
	ProjectSection(SolutionItems) = preProject
		Text = Text
	EndProjectSection
EndProject
Project("{2150E333-8FDC-42A3-9474-1A3956D46DE8}") = "Commons", "Commons", "{2D8C1BBC-04D0-4F16-A3C1-6978C1F40A15}"
EndProject
Project("{FAE04EC0-301F-11D3-BF4B-00C04F79EFBC}") = "Common", "Common\Common.csproj", "{374CA749-C0A2-4EF4-A367-F72B0036FB39}"
EndProject
Global
	GlobalSection(SolutionConfigurationPlatforms) = preSolution
		Debug|Any CPU = Debug|Any CPU
		Release|Any CPU = Release|Any CPU
	EndGlobalSection
	GlobalSection(ProjectConfigurationPlatforms) = postSolution
		{98AED96E-FED1-44B2-89FD-BA99ACED6E42}.Debug|Any CPU.ActiveCfg = Debug|Any CPU
		{98AED96E-FED1-44B2-89FD-BA99ACED6E42}.Debug|Any CPU.Build.0 = Debug|Any CPU
		{98AED96E-FED1-44B2-89FD-BA99ACED6E42}.Release|Any CPU.ActiveCfg = Release|Any CPU
		{98AED96E-FED1-44B2-89FD-BA99ACED6E42}.Release|Any CPU.Build.0 = Release|Any CPU
		{65D295E1-74F6-4282-825C-2C5A8898FA55}.Debug|Any CPU.ActiveCfg = Debug|Any CPU
		{65D295E1-74F6-4282-825C-2C5A8898FA55}.Debug|Any CPU.Build.0 = Debug|Any CPU
		{65D295E1-74F6-4282-825C-2C5A8898FA55}.Release|Any CPU.ActiveCfg = Release|Any CPU
		{65D295E1-74F6-4282-825C-2C5A8898FA55}.Release|Any CPU.Build.0 = Release|Any CPU
		{8A40B4DA-9C84-4622-8C6C-E5411C07DA37}.Debug|Any CPU.ActiveCfg = Debug|Any CPU
		{8A40B4DA-9C84-4622-8C6C-E5411C07DA37}.Debug|Any CPU.Build.0 = Debug|Any CPU
		{8A40B4DA-9C84-4622-8C6C-E5411C07DA37}.Release|Any CPU.ActiveCfg = Release|Any CPU
		{8A40B4DA-9C84-4622-8C6C-E5411C07DA37}.Release|Any CPU.Build.0 = Release|Any CPU
		{A033AB0D-CA73-4C63-864E-9DB7C48DC040}.Debug|Any CPU.ActiveCfg = Debug|Any CPU
		{A033AB0D-CA73-4C63-864E-9DB7C48DC040}.Debug|Any CPU.Build.0 = Debug|Any CPU
		{A033AB0D-CA73-4C63-864E-9DB7C48DC040}.Release|Any CPU.ActiveCfg = Release|Any CPU
		{A033AB0D-CA73-4C63-864E-9DB7C48DC040}.Release|Any CPU.Build.0 = Release|Any CPU
		{01F8C973-853A-4488-888D-F51B3A044FFE}.Debug|Any CPU.ActiveCfg = Debug|Any CPU
		{01F8C973-853A-4488-888D-F51B3A044FFE}.Debug|Any CPU.Build.0 = Debug|Any CPU
		{01F8C973-853A-4488-888D-F51B3A044FFE}.Release|Any CPU.ActiveCfg = Release|Any CPU
		{01F8C973-853A-4488-888D-F51B3A044FFE}.Release|Any CPU.Build.0 = Release|Any CPU
		{441BA54B-3D03-406F-842A-D563909E38FB}.Debug|Any CPU.ActiveCfg = Debug|Any CPU
		{441BA54B-3D03-406F-842A-D563909E38FB}.Debug|Any CPU.Build.0 = Debug|Any CPU
		{441BA54B-3D03-406F-842A-D563909E38FB}.Release|Any CPU.ActiveCfg = Release|Any CPU
		{441BA54B-3D03-406F-842A-D563909E38FB}.Release|Any CPU.Build.0 = Release|Any CPU
		{374CA749-C0A2-4EF4-A367-F72B0036FB39}.Debug|Any CPU.ActiveCfg = Debug|Any CPU
		{374CA749-C0A2-4EF4-A367-F72B0036FB39}.Debug|Any CPU.Build.0 = Debug|Any CPU
		{374CA749-C0A2-4EF4-A367-F72B0036FB39}.Release|Any CPU.ActiveCfg = Release|Any CPU
		{374CA749-C0A2-4EF4-A367-F72B0036FB39}.Release|Any CPU.Build.0 = Release|Any CPU
	EndGlobalSection
	GlobalSection(SolutionProperties) = preSolution
		HideSolutionNode = FALSE
	EndGlobalSection
	GlobalSection(NestedProjects) = preSolution
		{42A8C4A2-DBC6-43AC-85E7-F28D3977E4D9} = {C2708394-4DAF-412E-8320-1B97230AEFBE}
		{233D631B-D5E3-4C5F-AEC8-DE137F745494} = {C2708394-4DAF-412E-8320-1B97230AEFBE}
		{96E96C1F-3717-466D-B20F-CD8B3C8A83C0} = {C2708394-4DAF-412E-8320-1B97230AEFBE}
		{98AED96E-FED1-44B2-89FD-BA99ACED6E42} = {42A8C4A2-DBC6-43AC-85E7-F28D3977E4D9}
		{65D295E1-74F6-4282-825C-2C5A8898FA55} = {42A8C4A2-DBC6-43AC-85E7-F28D3977E4D9}
		{8A40B4DA-9C84-4622-8C6C-E5411C07DA37} = {96E96C1F-3717-466D-B20F-CD8B3C8A83C0}
		{A033AB0D-CA73-4C63-864E-9DB7C48DC040} = {96E96C1F-3717-466D-B20F-CD8B3C8A83C0}
		{01F8C973-853A-4488-888D-F51B3A044FFE} = {233D631B-D5E3-4C5F-AEC8-DE137F745494}
		{441BA54B-3D03-406F-842A-D563909E38FB} = {233D631B-D5E3-4C5F-AEC8-DE137F745494}
		{2D8C1BBC-04D0-4F16-A3C1-6978C1F40A15} = {C2708394-4DAF-412E-8320-1B97230AEFBE}
		{374CA749-C0A2-4EF4-A367-F72B0036FB39} = {2D8C1BBC-04D0-4F16-A3C1-6978C1F40A15}
	EndGlobalSection
	GlobalSection(ExtensibilityGlobals) = postSolution
		SolutionGuid = {C462D00E-049E-442B-9837-FDE537B31603}
	EndGlobalSection
EndGlobal
